// !$*UTF8*$!
{
	archiveVersion = 1;
	classes = {
	};
	objectVersion = 48;
	objects = {

/* Begin PBXBuildFile section */
		65A3CE58201CB7F300D35425 /* AppDelegate.swift in Sources */ = {isa = PBXBuildFile; fileRef = 65A3CE57201CB7F300D35425 /* AppDelegate.swift */; };
		65A3CE5A201CB7F300D35425 /* ViewController.swift in Sources */ = {isa = PBXBuildFile; fileRef = 65A3CE59201CB7F300D35425 /* ViewController.swift */; };
		65A3CE5D201CB7F300D35425 /* Main.storyboard in Resources */ = {isa = PBXBuildFile; fileRef = 65A3CE5B201CB7F300D35425 /* Main.storyboard */; };
		65A3CE5F201CB7F300D35425 /* Assets.xcassets in Resources */ = {isa = PBXBuildFile; fileRef = 65A3CE5E201CB7F300D35425 /* Assets.xcassets */; };
		65A3CE62201CB7F300D35425 /* LaunchScreen.storyboard in Resources */ = {isa = PBXBuildFile; fileRef = 65A3CE60201CB7F300D35425 /* LaunchScreen.storyboard */; };
		65A3CE6D201CB7F300D35425 /* TestAppTests.swift in Sources */ = {isa = PBXBuildFile; fileRef = 65A3CE6C201CB7F300D35425 /* TestAppTests.swift */; };
		65A3CE78201CB7F300D35425 /* TestAppUITests.swift in Sources */ = {isa = PBXBuildFile; fileRef = 65A3CE77201CB7F300D35425 /* TestAppUITests.swift */; };
		65A3CE89201D4A0900D35425 /* RatingController.swift in Sources */ = {isa = PBXBuildFile; fileRef = 65A3CE88201D4A0900D35425 /* RatingController.swift */; };
		65A3CE8B201E4CC200D35425 /* Meal.swift in Sources */ = {isa = PBXBuildFile; fileRef = 65A3CE8A201E4CC200D35425 /* Meal.swift */; };
		65A3CE8D201E586C00D35425 /* MealTableViewCell.swift in Sources */ = {isa = PBXBuildFile; fileRef = 65A3CE8C201E586C00D35425 /* MealTableViewCell.swift */; };
		65D398EE201FE9F300C6EE2B /* MealTableViewController.swift in Sources */ = {isa = PBXBuildFile; fileRef = 65D398ED201FE9F300C6EE2B /* MealTableViewController.swift */; };
/* End PBXBuildFile section */

/* Begin PBXContainerItemProxy section */
		65A3CE69201CB7F300D35425 /* PBXContainerItemProxy */ = {
			isa = PBXContainerItemProxy;
			containerPortal = 65A3CE4C201CB7F300D35425 /* Project object */;
			proxyType = 1;
			remoteGlobalIDString = 65A3CE53201CB7F300D35425;
			remoteInfo = TestApp;
		};
		65A3CE74201CB7F300D35425 /* PBXContainerItemProxy */ = {
			isa = PBXContainerItemProxy;
			containerPortal = 65A3CE4C201CB7F300D35425 /* Project object */;
			proxyType = 1;
			remoteGlobalIDString = 65A3CE53201CB7F300D35425;
			remoteInfo = TestApp;
		};
/* End PBXContainerItemProxy section */

/* Begin PBXFileReference section */
		65A3CE54201CB7F300D35425 /* TestApp.app */ = {isa = PBXFileReference; explicitFileType = wrapper.application; includeInIndex = 0; path = TestApp.app; sourceTree = BUILT_PRODUCTS_DIR; };
		65A3CE57201CB7F300D35425 /* AppDelegate.swift */ = {isa = PBXFileReference; lastKnownFileType = sourcecode.swift; path = AppDelegate.swift; sourceTree = "<group>"; };
		65A3CE59201CB7F300D35425 /* ViewController.swift */ = {isa = PBXFileReference; lastKnownFileType = sourcecode.swift; path = ViewController.swift; sourceTree = "<group>"; };
		65A3CE5C201CB7F300D35425 /* Base */ = {isa = PBXFileReference; lastKnownFileType = file.storyboard; name = Base; path = Base.lproj/Main.storyboard; sourceTree = "<group>"; };
		65A3CE5E201CB7F300D35425 /* Assets.xcassets */ = {isa = PBXFileReference; lastKnownFileType = folder.assetcatalog; path = Assets.xcassets; sourceTree = "<group>"; };
		65A3CE61201CB7F300D35425 /* Base */ = {isa = PBXFileReference; lastKnownFileType = file.storyboard; name = Base; path = Base.lproj/LaunchScreen.storyboard; sourceTree = "<group>"; };
		65A3CE63201CB7F300D35425 /* Info.plist */ = {isa = PBXFileReference; lastKnownFileType = text.plist.xml; path = Info.plist; sourceTree = "<group>"; };
		65A3CE68201CB7F300D35425 /* TestAppTests.xctest */ = {isa = PBXFileReference; explicitFileType = wrapper.cfbundle; includeInIndex = 0; path = TestAppTests.xctest; sourceTree = BUILT_PRODUCTS_DIR; };
		65A3CE6C201CB7F300D35425 /* TestAppTests.swift */ = {isa = PBXFileReference; lastKnownFileType = sourcecode.swift; path = TestAppTests.swift; sourceTree = "<group>"; };
		65A3CE6E201CB7F300D35425 /* Info.plist */ = {isa = PBXFileReference; lastKnownFileType = text.plist.xml; path = Info.plist; sourceTree = "<group>"; };
		65A3CE73201CB7F300D35425 /* TestAppUITests.xctest */ = {isa = PBXFileReference; explicitFileType = wrapper.cfbundle; includeInIndex = 0; path = TestAppUITests.xctest; sourceTree = BUILT_PRODUCTS_DIR; };
		65A3CE77201CB7F300D35425 /* TestAppUITests.swift */ = {isa = PBXFileReference; lastKnownFileType = sourcecode.swift; path = TestAppUITests.swift; sourceTree = "<group>"; };
		65A3CE79201CB7F300D35425 /* Info.plist */ = {isa = PBXFileReference; lastKnownFileType = text.plist.xml; path = Info.plist; sourceTree = "<group>"; };
		65A3CE88201D4A0900D35425 /* RatingController.swift */ = {isa = PBXFileReference; lastKnownFileType = sourcecode.swift; path = RatingController.swift; sourceTree = "<group>"; };
		65A3CE8A201E4CC200D35425 /* Meal.swift */ = {isa = PBXFileReference; lastKnownFileType = sourcecode.swift; path = Meal.swift; sourceTree = "<group>"; };
		65A3CE8C201E586C00D35425 /* MealTableViewCell.swift */ = {isa = PBXFileReference; lastKnownFileType = sourcecode.swift; path = MealTableViewCell.swift; sourceTree = "<group>"; };
		65D398ED201FE9F300C6EE2B /* MealTableViewController.swift */ = {isa = PBXFileReference; lastKnownFileType = sourcecode.swift; name = MealTableViewController.swift; path = TestApp/MealTableViewController.swift; sourceTree = SOURCE_ROOT; };
/* End PBXFileReference section */

/* Begin PBXFrameworksBuildPhase section */
		65A3CE51201CB7F300D35425 /* Frameworks */ = {
			isa = PBXFrameworksBuildPhase;
			buildActionMask = 2147483647;
			files = (
			);
			runOnlyForDeploymentPostprocessing = 0;
		};
		65A3CE65201CB7F300D35425 /* Frameworks */ = {
			isa = PBXFrameworksBuildPhase;
			buildActionMask = 2147483647;
			files = (
			);
			runOnlyForDeploymentPostprocessing = 0;
		};
		65A3CE70201CB7F300D35425 /* Frameworks */ = {
			isa = PBXFrameworksBuildPhase;
			buildActionMask = 2147483647;
			files = (
			);
			runOnlyForDeploymentPostprocessing = 0;
		};
/* End PBXFrameworksBuildPhase section */

/* Begin PBXGroup section */
		65A3CE4B201CB7F300D35425 = {
			isa = PBXGroup;
			children = (
				65A3CE56201CB7F300D35425 /* TestApp */,
				65A3CE6B201CB7F300D35425 /* TestAppTests */,
				65A3CE76201CB7F300D35425 /* TestAppUITests */,
				65A3CE55201CB7F300D35425 /* Products */,
			);
			sourceTree = "<group>";
		};
		65A3CE55201CB7F300D35425 /* Products */ = {
			isa = PBXGroup;
			children = (
				65A3CE54201CB7F300D35425 /* TestApp.app */,
				65A3CE68201CB7F300D35425 /* TestAppTests.xctest */,
				65A3CE73201CB7F300D35425 /* TestAppUITests.xctest */,
			);
			name = Products;
			sourceTree = "<group>";
		};
		65A3CE56201CB7F300D35425 /* TestApp */ = {
			isa = PBXGroup;
			children = (
				65A3CE57201CB7F300D35425 /* AppDelegate.swift */,
				65D398ED201FE9F300C6EE2B /* MealTableViewController.swift */,
				65A3CE59201CB7F300D35425 /* ViewController.swift */,
				65A3CE5B201CB7F300D35425 /* Main.storyboard */,
				65A3CE5E201CB7F300D35425 /* Assets.xcassets */,
				65A3CE60201CB7F300D35425 /* LaunchScreen.storyboard */,
				65A3CE63201CB7F300D35425 /* Info.plist */,
				65A3CE88201D4A0900D35425 /* RatingController.swift */,
				65A3CE8A201E4CC200D35425 /* Meal.swift */,
				65A3CE8C201E586C00D35425 /* MealTableViewCell.swift */,
			);
			path = TestApp;
			sourceTree = "<group>";
		};
		65A3CE6B201CB7F300D35425 /* TestAppTests */ = {
			isa = PBXGroup;
			children = (
				65A3CE6C201CB7F300D35425 /* TestAppTests.swift */,
				65A3CE6E201CB7F300D35425 /* Info.plist */,
			);
			path = TestAppTests;
			sourceTree = "<group>";
		};
		65A3CE76201CB7F300D35425 /* TestAppUITests */ = {
			isa = PBXGroup;
			children = (
				65A3CE77201CB7F300D35425 /* TestAppUITests.swift */,
				65A3CE79201CB7F300D35425 /* Info.plist */,
			);
			path = TestAppUITests;
			sourceTree = "<group>";
		};
/* End PBXGroup section */

/* Begin PBXNativeTarget section */
		65A3CE53201CB7F300D35425 /* TestApp */ = {
			isa = PBXNativeTarget;
			buildConfigurationList = 65A3CE7C201CB7F300D35425 /* Build configuration list for PBXNativeTarget "TestApp" */;
			buildPhases = (
				65A3CE50201CB7F300D35425 /* Sources */,
				65A3CE51201CB7F300D35425 /* Frameworks */,
				65A3CE52201CB7F300D35425 /* Resources */,
			);
			buildRules = (
			);
			dependencies = (
			);
			name = TestApp;
			productName = TestApp;
			productReference = 65A3CE54201CB7F300D35425 /* TestApp.app */;
			productType = "com.apple.product-type.application";
		};
		65A3CE67201CB7F300D35425 /* TestAppTests */ = {
			isa = PBXNativeTarget;
			buildConfigurationList = 65A3CE7F201CB7F300D35425 /* Build configuration list for PBXNativeTarget "TestAppTests" */;
			buildPhases = (
				65A3CE64201CB7F300D35425 /* Sources */,
				65A3CE65201CB7F300D35425 /* Frameworks */,
				65A3CE66201CB7F300D35425 /* Resources */,
			);
			buildRules = (
			);
			dependencies = (
				65A3CE6A201CB7F300D35425 /* PBXTargetDependency */,
			);
			name = TestAppTests;
			productName = TestAppTests;
			productReference = 65A3CE68201CB7F300D35425 /* TestAppTests.xctest */;
			productType = "com.apple.product-type.bundle.unit-test";
		};
		65A3CE72201CB7F300D35425 /* TestAppUITests */ = {
			isa = PBXNativeTarget;
			buildConfigurationList = 65A3CE82201CB7F300D35425 /* Build configuration list for PBXNativeTarget "TestAppUITests" */;
			buildPhases = (
				65A3CE6F201CB7F300D35425 /* Sources */,
				65A3CE70201CB7F300D35425 /* Frameworks */,
				65A3CE71201CB7F300D35425 /* Resources */,
			);
			buildRules = (
			);
			dependencies = (
				65A3CE75201CB7F300D35425 /* PBXTargetDependency */,
			);
			name = TestAppUITests;
			productName = TestAppUITests;
			productReference = 65A3CE73201CB7F300D35425 /* TestAppUITests.xctest */;
			productType = "com.apple.product-type.bundle.ui-testing";
		};
/* End PBXNativeTarget section */

/* Begin PBXProject section */
		65A3CE4C201CB7F300D35425 /* Project object */ = {
			isa = PBXProject;
			attributes = {
				LastSwiftUpdateCheck = 0920;
				LastUpgradeCheck = 0920;
				ORGANIZATIONNAME = "Kasai, Sohei";
				TargetAttributes = {
					65A3CE53201CB7F300D35425 = {
						CreatedOnToolsVersion = 9.2;
						ProvisioningStyle = Automatic;
					};
					65A3CE67201CB7F300D35425 = {
						CreatedOnToolsVersion = 9.2;
						ProvisioningStyle = Automatic;
						TestTargetID = 65A3CE53201CB7F300D35425;
					};
					65A3CE72201CB7F300D35425 = {
						CreatedOnToolsVersion = 9.2;
						ProvisioningStyle = Automatic;
						TestTargetID = 65A3CE53201CB7F300D35425;
					};
				};
			};
			buildConfigurationList = 65A3CE4F201CB7F300D35425 /* Build configuration list for PBXProject "TestApp" */;
			compatibilityVersion = "Xcode 8.0";
			developmentRegion = en;
			hasScannedForEncodings = 0;
			knownRegions = (
				en,
				Base,
			);
			mainGroup = 65A3CE4B201CB7F300D35425;
			productRefGroup = 65A3CE55201CB7F300D35425 /* Products */;
			projectDirPath = "";
			projectRoot = "";
			targets = (
				65A3CE53201CB7F300D35425 /* TestApp */,
				65A3CE67201CB7F300D35425 /* TestAppTests */,
				65A3CE72201CB7F300D35425 /* TestAppUITests */,
			);
		};
/* End PBXProject section */

/* Begin PBXResourcesBuildPhase section */
		65A3CE52201CB7F300D35425 /* Resources */ = {
			isa = PBXResourcesBuildPhase;
			buildActionMask = 2147483647;
			files = (
				65A3CE62201CB7F300D35425 /* LaunchScreen.storyboard in Resources */,
				65A3CE5F201CB7F300D35425 /* Assets.xcassets in Resources */,
				65A3CE5D201CB7F300D35425 /* Main.storyboard in Resources */,
			);
			runOnlyForDeploymentPostprocessing = 0;
		};
		65A3CE66201CB7F300D35425 /* Resources */ = {
			isa = PBXResourcesBuildPhase;
			buildActionMask = 2147483647;
			files = (
			);
			runOnlyForDeploymentPostprocessing = 0;
		};
		65A3CE71201CB7F300D35425 /* Resources */ = {
			isa = PBXResourcesBuildPhase;
			buildActionMask = 2147483647;
			files = (
			);
			runOnlyForDeploymentPostprocessing = 0;
		};
/* End PBXResourcesBuildPhase section */

/* Begin PBXSourcesBuildPhase section */
		65A3CE50201CB7F300D35425 /* Sources */ = {
			isa = PBXSourcesBuildPhase;
			buildActionMask = 2147483647;
			files = (
				65A3CE8B201E4CC200D35425 /* Meal.swift in Sources */,
				65A3CE5A201CB7F300D35425 /* ViewController.swift in Sources */,
				65A3CE58201CB7F300D35425 /* AppDelegate.swift in Sources */,
				65A3CE89201D4A0900D35425 /* RatingController.swift in Sources */,
				65D398EE201FE9F300C6EE2B /* MealTableViewController.swift in Sources */,
				65A3CE8D201E586C00D35425 /* MealTableViewCell.swift in Sources */,
			);
			runOnlyForDeploymentPostprocessing = 0;
		};
		65A3CE64201CB7F300D35425 /* Sources */ = {
			isa = PBXSourcesBuildPhase;
			buildActionMask = 2147483647;
			files = (
				65A3CE6D201CB7F300D35425 /* TestAppTests.swift in Sources */,
			);
			runOnlyForDeploymentPostprocessing = 0;
		};
		65A3CE6F201CB7F300D35425 /* Sources */ = {
			isa = PBXSourcesBuildPhase;
			buildActionMask = 2147483647;
			files = (
				65A3CE78201CB7F300D35425 /* TestAppUITests.swift in Sources */,
			);
			runOnlyForDeploymentPostprocessing = 0;
		};
/* End PBXSourcesBuildPhase section */

/* Begin PBXTargetDependency section */
		65A3CE6A201CB7F300D35425 /* PBXTargetDependency */ = {
			isa = PBXTargetDependency;
			target = 65A3CE53201CB7F300D35425 /* TestApp */;
			targetProxy = 65A3CE69201CB7F300D35425 /* PBXContainerItemProxy */;
		};
		65A3CE75201CB7F300D35425 /* PBXTargetDependency */ = {
			isa = PBXTargetDependency;
			target = 65A3CE53201CB7F300D35425 /* TestApp */;
			targetProxy = 65A3CE74201CB7F300D35425 /* PBXContainerItemProxy */;
		};
/* End PBXTargetDependency section */

/* Begin PBXVariantGroup section */
		65A3CE5B201CB7F300D35425 /* Main.storyboard */ = {
			isa = PBXVariantGroup;
			children = (
				65A3CE5C201CB7F300D35425 /* Base */,
			);
			name = Main.storyboard;
			sourceTree = "<group>";
		};
		65A3CE60201CB7F300D35425 /* LaunchScreen.storyboard */ = {
			isa = PBXVariantGroup;
			children = (
				65A3CE61201CB7F300D35425 /* Base */,
			);
			name = LaunchScreen.storyboard;
			sourceTree = "<group>";
		};
/* End PBXVariantGroup section */

/* Begin XCBuildConfiguration section */
		65A3CE7A201CB7F300D35425 /* Debug */ = {
			isa = XCBuildConfiguration;
			buildSettings = {
				ALWAYS_SEARCH_USER_PATHS = NO;
				CLANG_ANALYZER_NONNULL = YES;
				CLANG_ANALYZER_NUMBER_OBJECT_CONVERSION = YES_AGGRESSIVE;
				CLANG_CXX_LANGUAGE_STANDARD = "gnu++14";
				CLANG_CXX_LIBRARY = "libc++";
				CLANG_ENABLE_MODULES = YES;
				CLANG_ENABLE_OBJC_ARC = YES;
				CLANG_WARN_BLOCK_CAPTURE_AUTORELEASING = YES;
				CLANG_WARN_BOOL_CONVERSION = YES;
				CLANG_WARN_COMMA = YES;
				CLANG_WARN_CONSTANT_CONVERSION = YES;
				CLANG_WARN_DIRECT_OBJC_ISA_USAGE = YES_ERROR;
				CLANG_WARN_DOCUMENTATION_COMMENTS = YES;
				CLANG_WARN_EMPTY_BODY = YES;
				CLANG_WARN_ENUM_CONVERSION = YES;
				CLANG_WARN_INFINITE_RECURSION = YES;
				CLANG_WARN_INT_CONVERSION = YES;
				CLANG_WARN_NON_LITERAL_NULL_CONVERSION = YES;
				CLANG_WARN_OBJC_LITERAL_CONVERSION = YES;
				CLANG_WARN_OBJC_ROOT_CLASS = YES_ERROR;
				CLANG_WARN_RANGE_LOOP_ANALYSIS = YES;
				CLANG_WARN_STRICT_PROTOTYPES = YES;
				CLANG_WARN_SUSPICIOUS_MOVE = YES;
				CLANG_WARN_UNGUARDED_AVAILABILITY = YES_AGGRESSIVE;
				CLANG_WARN_UNREACHABLE_CODE = YES;
				CLANG_WARN__DUPLICATE_METHOD_MATCH = YES;
				CODE_SIGN_IDENTITY = "iPhone Developer";
				COPY_PHASE_STRIP = NO;
				DEBUG_INFORMATION_FORMAT = dwarf;
				ENABLE_STRICT_OBJC_MSGSEND = YES;
				ENABLE_TESTABILITY = YES;
				GCC_C_LANGUAGE_STANDARD = gnu11;
				GCC_DYNAMIC_NO_PIC = NO;
				GCC_NO_COMMON_BLOCKS = YES;
				GCC_OPTIMIZATION_LEVEL = 0;
				GCC_PREPROCESSOR_DEFINITIONS = (
					"DEBUG=1",
					"$(inherited)",
				);
				GCC_WARN_64_TO_32_BIT_CONVERSION = YES;
				GCC_WARN_ABOUT_RETURN_TYPE = YES_ERROR;
				GCC_WARN_UNDECLARED_SELECTOR = YES;
				GCC_WARN_UNINITIALIZED_AUTOS = YES_AGGRESSIVE;
				GCC_WARN_UNUSED_FUNCTION = YES;
				GCC_WARN_UNUSED_VARIABLE = YES;
				IPHONEOS_DEPLOYMENT_TARGET = 11.2;
				MTL_ENABLE_DEBUG_INFO = YES;
				ONLY_ACTIVE_ARCH = YES;
				SDKROOT = iphoneos;
				SWIFT_ACTIVE_COMPILATION_CONDITIONS = DEBUG;
				SWIFT_OPTIMIZATION_LEVEL = "-Onone";
			};
			name = Debug;
		};
		65A3CE7B201CB7F300D35425 /* Release */ = {
			isa = XCBuildConfiguration;
			buildSettings = {
				ALWAYS_SEARCH_USER_PATHS = NO;
				CLANG_ANALYZER_NONNULL = YES;
				CLANG_ANALYZER_NUMBER_OBJECT_CONVERSION = YES_AGGRESSIVE;
				CLANG_CXX_LANGUAGE_STANDARD = "gnu++14";
				CLANG_CXX_LIBRARY = "libc++";
				CLANG_ENABLE_MODULES = YES;
				CLANG_ENABLE_OBJC_ARC = YES;
				CLANG_WARN_BLOCK_CAPTURE_AUTORELEASING = YES;
				CLANG_WARN_BOOL_CONVERSION = YES;
				CLANG_WARN_COMMA = YES;
				CLANG_WARN_CONSTANT_CONVERSION = YES;
				CLANG_WARN_DIRECT_OBJC_ISA_USAGE = YES_ERROR;
				CLANG_WARN_DOCUMENTATION_COMMENTS = YES;
				CLANG_WARN_EMPTY_BODY = YES;
				CLANG_WARN_ENUM_CONVERSION = YES;
				CLANG_WARN_INFINITE_RECURSION = YES;
				CLANG_WARN_INT_CONVERSION = YES;
				CLANG_WARN_NON_LITERAL_NULL_CONVERSION = YES;
				CLANG_WARN_OBJC_LITERAL_CONVERSION = YES;
				CLANG_WARN_OBJC_ROOT_CLASS = YES_ERROR;
				CLANG_WARN_RANGE_LOOP_ANALYSIS = YES;
				CLANG_WARN_STRICT_PROTOTYPES = YES;
				CLANG_WARN_SUSPICIOUS_MOVE = YES;
				CLANG_WARN_UNGUARDED_AVAILABILITY = YES_AGGRESSIVE;
				CLANG_WARN_UNREACHABLE_CODE = YES;
				CLANG_WARN__DUPLICATE_METHOD_MATCH = YES;
				CODE_SIGN_IDENTITY = "iPhone Developer";
				COPY_PHASE_STRIP = NO;
				DEBUG_INFORMATION_FORMAT = "dwarf-with-dsym";
				ENABLE_NS_ASSERTIONS = NO;
				ENABLE_STRICT_OBJC_MSGSEND = YES;
				GCC_C_LANGUAGE_STANDARD = gnu11;
				GCC_NO_COMMON_BLOCKS = YES;
				GCC_WARN_64_TO_32_BIT_CONVERSION = YES;
				GCC_WARN_ABOUT_RETURN_TYPE = YES_ERROR;
				GCC_WARN_UNDECLARED_SELECTOR = YES;
				GCC_WARN_UNINITIALIZED_AUTOS = YES_AGGRESSIVE;
				GCC_WARN_UNUSED_FUNCTION = YES;
				GCC_WARN_UNUSED_VARIABLE = YES;
				IPHONEOS_DEPLOYMENT_TARGET = 11.2;
				MTL_ENABLE_DEBUG_INFO = NO;
				SDKROOT = iphoneos;
				SWIFT_OPTIMIZATION_LEVEL = "-Owholemodule";
				VALIDATE_PRODUCT = YES;
			};
			name = Release;
		};
		65A3CE7D201CB7F300D35425 /* Debug */ = {
			isa = XCBuildConfiguration;
			buildSettings = {
				ASSETCATALOG_COMPILER_APPICON_NAME = AppIcon;
				CODE_SIGN_STYLE = Automatic;
				INFOPLIST_FILE = TestApp/Info.plist;
				LD_RUNPATH_SEARCH_PATHS = "$(inherited) @executable_path/Frameworks";
				PRODUCT_BUNDLE_IDENTIFIER = "net.studio-neat.TestApp";
				PRODUCT_NAME = "$(TARGET_NAME)";
				SWIFT_VERSION = 4.0;
				TARGETED_DEVICE_FAMILY = "1,2";
			};
			name = Debug;
		};
		65A3CE7E201CB7F300D35425 /* Release */ = {
			isa = XCBuildConfiguration;
			buildSettings = {
				ASSETCATALOG_COMPILER_APPICON_NAME = AppIcon;
				CODE_SIGN_STYLE = Automatic;
				INFOPLIST_FILE = TestApp/Info.plist;
				LD_RUNPATH_SEARCH_PATHS = "$(inherited) @executable_path/Frameworks";
				PRODUCT_BUNDLE_IDENTIFIER = "net.studio-neat.TestApp";
				PRODUCT_NAME = "$(TARGET_NAME)";
				SWIFT_VERSION = 4.0;
				TARGETED_DEVICE_FAMILY = "1,2";
			};
			name = Release;
		};
		65A3CE80201CB7F300D35425 /* Debug */ = {
			isa = XCBuildConfiguration;
			buildSettings = {
				ALWAYS_EMBED_SWIFT_STANDARD_LIBRARIES = YES;
				BUNDLE_LOADER = "$(TEST_HOST)";
				CODE_SIGN_STYLE = Automatic;
				INFOPLIST_FILE = TestAppTests/Info.plist;
				LD_RUNPATH_SEARCH_PATHS = "$(inherited) @executable_path/Frameworks @loader_path/Frameworks";
				PRODUCT_BUNDLE_IDENTIFIER = "net.studio-neat.TestAppTests";
				PRODUCT_NAME = "$(TARGET_NAME)";
				SWIFT_VERSION = 4.0;
				TARGETED_DEVICE_FAMILY = "1,2";
				TEST_HOST = "$(BUILT_PRODUCTS_DIR)/TestApp.app/TestApp";
			};
			name = Debug;
		};
		65A3CE81201CB7F300D35425 /* Release */ = {
			isa = XCBuildConfiguration;
			buildSettings = {
				ALWAYS_EMBED_SWIFT_STANDARD_LIBRARIES = YES;
				BUNDLE_LOADER = "$(TEST_HOST)";
				CODE_SIGN_STYLE = Automatic;
				INFOPLIST_FILE = TestAppTests/Info.plist;
				LD_RUNPATH_SEARCH_PATHS = "$(inherited) @executable_path/Frameworks @loader_path/Frameworks";
				PRODUCT_BUNDLE_IDENTIFIER = "net.studio-neat.TestAppTests";
				PRODUCT_NAME = "$(TARGET_NAME)";
				SWIFT_VERSION = 4.0;
				TARGETED_DEVICE_FAMILY = "1,2";
				TEST_HOST = "$(BUILT_PRODUCTS_DIR)/TestApp.app/TestApp";
			};
			name = Release;
		};
		65A3CE83201CB7F300D35425 /* Debug */ = {
			isa = XCBuildConfiguration;
			buildSettings = {
				ALWAYS_EMBED_SWIFT_STANDARD_LIBRARIES = YES;
				CODE_SIGN_STYLE = Automatic;
				INFOPLIST_FILE = TestAppUITests/Info.plist;
				LD_RUNPATH_SEARCH_PATHS = "$(inherited) @executable_path/Frameworks @loader_path/Frameworks";
				PRODUCT_BUNDLE_IDENTIFIER = "net.studio-neat.TestAppUITests";
				PRODUCT_NAME = "$(TARGET_NAME)";
				SWIFT_VERSION = 4.0;
				TARGETED_DEVICE_FAMILY = "1,2";
				TEST_TARGET_NAME = TestApp;
			};
			name = Debug;
		};
		65A3CE84201CB7F300D35425 /* Release */ = {
			isa = XCBuildConfiguration;
			buildSettings = {
				ALWAYS_EMBED_SWIFT_STANDARD_LIBRARIES = YES;
				CODE_SIGN_STYLE = Automatic;
				INFOPLIST_FILE = TestAppUITests/Info.plist;
				LD_RUNPATH_SEARCH_PATHS = "$(inherited) @executable_path/Frameworks @loader_path/Frameworks";
				PRODUCT_BUNDLE_IDENTIFIER = "net.studio-neat.TestAppUITests";
				PRODUCT_NAME = "$(TARGET_NAME)";
				SWIFT_VERSION = 4.0;
				TARGETED_DEVICE_FAMILY = "1,2";
				TEST_TARGET_NAME = TestApp;
			};
			name = Release;
		};
/* End XCBuildConfiguration section */

/* Begin XCConfigurationList section */
		65A3CE4F201CB7F300D35425 /* Build configuration list for PBXProject "TestApp" */ = {
			isa = XCConfigurationList;
			buildConfigurations = (
				65A3CE7A201CB7F300D35425 /* Debug */,
				65A3CE7B201CB7F300D35425 /* Release */,
			);
			defaultConfigurationIsVisible = 0;
			defaultConfigurationName = Release;
		};
		65A3CE7C201CB7F300D35425 /* Build configuration list for PBXNativeTarget "TestApp" */ = {
			isa = XCConfigurationList;
			buildConfigurations = (
				65A3CE7D201CB7F300D35425 /* Debug */,
				65A3CE7E201CB7F300D35425 /* Release */,
			);
			defaultConfigurationIsVisible = 0;
			defaultConfigurationName = Release;
		};
		65A3CE7F201CB7F300D35425 /* Build configuration list for PBXNativeTarget "TestAppTests" */ = {
			isa = XCConfigurationList;
			buildConfigurations = (
				65A3CE80201CB7F300D35425 /* Debug */,
				65A3CE81201CB7F300D35425 /* Release */,
			);
			defaultConfigurationIsVisible = 0;
			defaultConfigurationName = Release;
		};
		65A3CE82201CB7F300D35425 /* Build configuration list for PBXNativeTarget "TestAppUITests" */ = {
			isa = XCConfigurationList;
			buildConfigurations = (
				65A3CE83201CB7F300D35425 /* Debug */,
				65A3CE84201CB7F300D35425 /* Release */,
			);
			defaultConfigurationIsVisible = 0;
			defaultConfigurationName = Release;
		};
/* End XCConfigurationList section */
	};
	rootObject = 65A3CE4C201CB7F300D35425 /* Project object */;
}
